// !$*UTF8*$!
{
	archiveVersion = 1;
	classes = {
	};
	objectVersion = 46;
	objects = {

/* Begin PBXBuildFile section */
		EAB6E4261CCBA0F0004C65F6 /* AppDelegate.swift in Sources */ = {isa = PBXBuildFile; fileRef = EAB6E4251CCBA0F0004C65F6 /* AppDelegate.swift */; };
		EAB6E4281CCBA0F0004C65F6 /* ViewController.swift in Sources */ = {isa = PBXBuildFile; fileRef = EAB6E4271CCBA0F0004C65F6 /* ViewController.swift */; };
		EAB6E42B1CCBA0F0004C65F6 /* Main.storyboard in Resources */ = {isa = PBXBuildFile; fileRef = EAB6E4291CCBA0F0004C65F6 /* Main.storyboard */; };
		EAB6E42D1CCBA0F0004C65F6 /* Assets.xcassets in Resources */ = {isa = PBXBuildFile; fileRef = EAB6E42C1CCBA0F0004C65F6 /* Assets.xcassets */; };
		EAB6E4301CCBA0F0004C65F6 /* LaunchScreen.storyboard in Resources */ = {isa = PBXBuildFile; fileRef = EAB6E42E1CCBA0F0004C65F6 /* LaunchScreen.storyboard */; };
		EAB6E43B1CCBA0F0004C65F6 /* funWithSeguesTests.swift in Sources */ = {isa = PBXBuildFile; fileRef = EAB6E43A1CCBA0F0004C65F6 /* funWithSeguesTests.swift */; };
		EAB6E4461CCBA0F0004C65F6 /* funWithSeguesUITests.swift in Sources */ = {isa = PBXBuildFile; fileRef = EAB6E4451CCBA0F0004C65F6 /* funWithSeguesUITests.swift */; };
/* End PBXBuildFile section */

/* Begin PBXContainerItemProxy section */
		EAB6E4371CCBA0F0004C65F6 /* PBXContainerItemProxy */ = {
			isa = PBXContainerItemProxy;
			containerPortal = EAB6E41A1CCBA0F0004C65F6 /* Project object */;
			proxyType = 1;
			remoteGlobalIDString = EAB6E4211CCBA0F0004C65F6;
			remoteInfo = funWithSegues;
		};
		EAB6E4421CCBA0F0004C65F6 /* PBXContainerItemProxy */ = {
			isa = PBXContainerItemProxy;
			containerPortal = EAB6E41A1CCBA0F0004C65F6 /* Project object */;
			proxyType = 1;
			remoteGlobalIDString = EAB6E4211CCBA0F0004C65F6;
			remoteInfo = funWithSegues;
		};
/* End PBXContainerItemProxy section */

/* Begin PBXFileReference section */
		EAB6E4221CCBA0F0004C65F6 /* funWithSegues.app */ = {isa = PBXFileReference; explicitFileType = wrapper.application; includeInIndex = 0; path = funWithSegues.app; sourceTree = BUILT_PRODUCTS_DIR; };
		EAB6E4251CCBA0F0004C65F6 /* AppDelegate.swift */ = {isa = PBXFileReference; lastKnownFileType = sourcecode.swift; path = AppDelegate.swift; sourceTree = "<group>"; };
		EAB6E4271CCBA0F0004C65F6 /* ViewController.swift */ = {isa = PBXFileReference; lastKnownFileType = sourcecode.swift; path = ViewController.swift; sourceTree = "<group>"; };
		EAB6E42A1CCBA0F0004C65F6 /* Base */ = {isa = PBXFileReference; lastKnownFileType = file.storyboard; name = Base; path = Base.lproj/Main.storyboard; sourceTree = "<group>"; };
		EAB6E42C1CCBA0F0004C65F6 /* Assets.xcassets */ = {isa = PBXFileReference; lastKnownFileType = folder.assetcatalog; path = Assets.xcassets; sourceTree = "<group>"; };
		EAB6E42F1CCBA0F0004C65F6 /* Base */ = {isa = PBXFileReference; lastKnownFileType = file.storyboard; name = Base; path = Base.lproj/LaunchScreen.storyboard; sourceTree = "<group>"; };
		EAB6E4311CCBA0F0004C65F6 /* Info.plist */ = {isa = PBXFileReference; lastKnownFileType = text.plist.xml; path = Info.plist; sourceTree = "<group>"; };
		EAB6E4361CCBA0F0004C65F6 /* funWithSeguesTests.xctest */ = {isa = PBXFileReference; explicitFileType = wrapper.cfbundle; includeInIndex = 0; path = funWithSeguesTests.xctest; sourceTree = BUILT_PRODUCTS_DIR; };
		EAB6E43A1CCBA0F0004C65F6 /* funWithSeguesTests.swift */ = {isa = PBXFileReference; lastKnownFileType = sourcecode.swift; path = funWithSeguesTests.swift; sourceTree = "<group>"; };
		EAB6E43C1CCBA0F0004C65F6 /* Info.plist */ = {isa = PBXFileReference; lastKnownFileType = text.plist.xml; path = Info.plist; sourceTree = "<group>"; };
		EAB6E4411CCBA0F0004C65F6 /* funWithSeguesUITests.xctest */ = {isa = PBXFileReference; explicitFileType = wrapper.cfbundle; includeInIndex = 0; path = funWithSeguesUITests.xctest; sourceTree = BUILT_PRODUCTS_DIR; };
		EAB6E4451CCBA0F0004C65F6 /* funWithSeguesUITests.swift */ = {isa = PBXFileReference; lastKnownFileType = sourcecode.swift; path = funWithSeguesUITests.swift; sourceTree = "<group>"; };
		EAB6E4471CCBA0F0004C65F6 /* Info.plist */ = {isa = PBXFileReference; lastKnownFileType = text.plist.xml; path = Info.plist; sourceTree = "<group>"; };
/* End PBXFileReference section */

/* Begin PBXFrameworksBuildPhase section */
		EAB6E41F1CCBA0F0004C65F6 /* Frameworks */ = {
			isa = PBXFrameworksBuildPhase;
			buildActionMask = 2147483647;
			files = (
			);
			runOnlyForDeploymentPostprocessing = 0;
		};
		EAB6E4331CCBA0F0004C65F6 /* Frameworks */ = {
			isa = PBXFrameworksBuildPhase;
			buildActionMask = 2147483647;
			files = (
			);
			runOnlyForDeploymentPostprocessing = 0;
		};
		EAB6E43E1CCBA0F0004C65F6 /* Frameworks */ = {
			isa = PBXFrameworksBuildPhase;
			buildActionMask = 2147483647;
			files = (
			);
			runOnlyForDeploymentPostprocessing = 0;
		};
/* End PBXFrameworksBuildPhase section */

/* Begin PBXGroup section */
		EAB6E4191CCBA0F0004C65F6 = {
			isa = PBXGroup;
			children = (
				EAB6E4241CCBA0F0004C65F6 /* funWithSegues */,
				EAB6E4391CCBA0F0004C65F6 /* funWithSeguesTests */,
				EAB6E4441CCBA0F0004C65F6 /* funWithSeguesUITests */,
				EAB6E4231CCBA0F0004C65F6 /* Products */,
			);
			sourceTree = "<group>";
		};
		EAB6E4231CCBA0F0004C65F6 /* Products */ = {
			isa = PBXGroup;
			children = (
				EAB6E4221CCBA0F0004C65F6 /* funWithSegues.app */,
				EAB6E4361CCBA0F0004C65F6 /* funWithSeguesTests.xctest */,
				EAB6E4411CCBA0F0004C65F6 /* funWithSeguesUITests.xctest */,
			);
			name = Products;
			sourceTree = "<group>";
		};
		EAB6E4241CCBA0F0004C65F6 /* funWithSegues */ = {
			isa = PBXGroup;
			children = (
				EAB6E4251CCBA0F0004C65F6 /* AppDelegate.swift */,
				EAB6E4271CCBA0F0004C65F6 /* ViewController.swift */,
				EAB6E4291CCBA0F0004C65F6 /* Main.storyboard */,
				EAB6E42C1CCBA0F0004C65F6 /* Assets.xcassets */,
				EAB6E42E1CCBA0F0004C65F6 /* LaunchScreen.storyboard */,
				EAB6E4311CCBA0F0004C65F6 /* Info.plist */,
			);
			path = funWithSegues;
			sourceTree = "<group>";
		};
		EAB6E4391CCBA0F0004C65F6 /* funWithSeguesTests */ = {
			isa = PBXGroup;
			children = (
				EAB6E43A1CCBA0F0004C65F6 /* funWithSeguesTests.swift */,
				EAB6E43C1CCBA0F0004C65F6 /* Info.plist */,
			);
			path = funWithSeguesTests;
			sourceTree = "<group>";
		};
		EAB6E4441CCBA0F0004C65F6 /* funWithSeguesUITests */ = {
			isa = PBXGroup;
			children = (
				EAB6E4451CCBA0F0004C65F6 /* funWithSeguesUITests.swift */,
				EAB6E4471CCBA0F0004C65F6 /* Info.plist */,
			);
			path = funWithSeguesUITests;
			sourceTree = "<group>";
		};
/* End PBXGroup section */

/* Begin PBXNativeTarget section */
		EAB6E4211CCBA0F0004C65F6 /* funWithSegues */ = {
			isa = PBXNativeTarget;
			buildConfigurationList = EAB6E44A1CCBA0F0004C65F6 /* Build configuration list for PBXNativeTarget "funWithSegues" */;
			buildPhases = (
				EAB6E41E1CCBA0F0004C65F6 /* Sources */,
				EAB6E41F1CCBA0F0004C65F6 /* Frameworks */,
				EAB6E4201CCBA0F0004C65F6 /* Resources */,
			);
			buildRules = (
			);
			dependencies = (
			);
			name = funWithSegues;
			productName = funWithSegues;
			productReference = EAB6E4221CCBA0F0004C65F6 /* funWithSegues.app */;
			productType = "com.apple.product-type.application";
		};
		EAB6E4351CCBA0F0004C65F6 /* funWithSeguesTests */ = {
			isa = PBXNativeTarget;
			buildConfigurationList = EAB6E44D1CCBA0F0004C65F6 /* Build configuration list for PBXNativeTarget "funWithSeguesTests" */;
			buildPhases = (
				EAB6E4321CCBA0F0004C65F6 /* Sources */,
				EAB6E4331CCBA0F0004C65F6 /* Frameworks */,
				EAB6E4341CCBA0F0004C65F6 /* Resources */,
			);
			buildRules = (
			);
			dependencies = (
				EAB6E4381CCBA0F0004C65F6 /* PBXTargetDependency */,
			);
			name = funWithSeguesTests;
			productName = funWithSeguesTests;
			productReference = EAB6E4361CCBA0F0004C65F6 /* funWithSeguesTests.xctest */;
			productType = "com.apple.product-type.bundle.unit-test";
		};
		EAB6E4401CCBA0F0004C65F6 /* funWithSeguesUITests */ = {
			isa = PBXNativeTarget;
			buildConfigurationList = EAB6E4501CCBA0F0004C65F6 /* Build configuration list for PBXNativeTarget "funWithSeguesUITests" */;
			buildPhases = (
				EAB6E43D1CCBA0F0004C65F6 /* Sources */,
				EAB6E43E1CCBA0F0004C65F6 /* Frameworks */,
				EAB6E43F1CCBA0F0004C65F6 /* Resources */,
			);
			buildRules = (
			);
			dependencies = (
				EAB6E4431CCBA0F0004C65F6 /* PBXTargetDependency */,
			);
			name = funWithSeguesUITests;
			productName = funWithSeguesUITests;
			productReference = EAB6E4411CCBA0F0004C65F6 /* funWithSeguesUITests.xctest */;
			productType = "com.apple.product-type.bundle.ui-testing";
		};
/* End PBXNativeTarget section */

/* Begin PBXProject section */
		EAB6E41A1CCBA0F0004C65F6 /* Project object */ = {
			isa = PBXProject;
			attributes = {
				LastSwiftUpdateCheck = 0720;
				LastUpgradeCheck = 0720;
				ORGANIZATIONNAME = "Nicholas Nuing";
				TargetAttributes = {
					EAB6E4211CCBA0F0004C65F6 = {
						CreatedOnToolsVersion = 7.2.1;
					};
					EAB6E4351CCBA0F0004C65F6 = {
						CreatedOnToolsVersion = 7.2.1;
						TestTargetID = EAB6E4211CCBA0F0004C65F6;
					};
					EAB6E4401CCBA0F0004C65F6 = {
						CreatedOnToolsVersion = 7.2.1;
						TestTargetID = EAB6E4211CCBA0F0004C65F6;
					};
				};
			};
			buildConfigurationList = EAB6E41D1CCBA0F0004C65F6 /* Build configuration list for PBXProject "funWithSegues" */;
			compatibilityVersion = "Xcode 3.2";
			developmentRegion = English;
			hasScannedForEncodings = 0;
			knownRegions = (
				en,
				Base,
			);
			mainGroup = EAB6E4191CCBA0F0004C65F6;
			productRefGroup = EAB6E4231CCBA0F0004C65F6 /* Products */;
			projectDirPath = "";
			projectRoot = "";
			targets = (
				EAB6E4211CCBA0F0004C65F6 /* funWithSegues */,
				EAB6E4351CCBA0F0004C65F6 /* funWithSeguesTests */,
				EAB6E4401CCBA0F0004C65F6 /* funWithSeguesUITests */,
			);
		};
/* End PBXProject section */

/* Begin PBXResourcesBuildPhase section */
		EAB6E4201CCBA0F0004C65F6 /* Resources */ = {
			isa = PBXResourcesBuildPhase;
			buildActionMask = 2147483647;
			files = (
				EAB6E4301CCBA0F0004C65F6 /* LaunchScreen.storyboard in Resources */,
				EAB6E42D1CCBA0F0004C65F6 /* Assets.xcassets in Resources */,
				EAB6E42B1CCBA0F0004C65F6 /* Main.storyboard in Resources */,
			);
			runOnlyForDeploymentPostprocessing = 0;
		};
		EAB6E4341CCBA0F0004C65F6 /* Resources */ = {
			isa = PBXResourcesBuildPhase;
			buildActionMask = 2147483647;
			files = (
			);
			runOnlyForDeploymentPostprocessing = 0;
		};
		EAB6E43F1CCBA0F0004C65F6 /* Resources */ = {
			isa = PBXResourcesBuildPhase;
			buildActionMask = 2147483647;
			files = (
			);
			runOnlyForDeploymentPostprocessing = 0;
		};
/* End PBXResourcesBuildPhase section */

/* Begin PBXSourcesBuildPhase section */
		EAB6E41E1CCBA0F0004C65F6 /* Sources */ = {
			isa = PBXSourcesBuildPhase;
			buildActionMask = 2147483647;
			files = (
				EAB6E4281CCBA0F0004C65F6 /* ViewController.swift in Sources */,
				EAB6E4261CCBA0F0004C65F6 /* AppDelegate.swift in Sources */,
			);
			runOnlyForDeploymentPostprocessing = 0;
		};
		EAB6E4321CCBA0F0004C65F6 /* Sources */ = {
			isa = PBXSourcesBuildPhase;
			buildActionMask = 2147483647;
			files = (
				EAB6E43B1CCBA0F0004C65F6 /* funWithSeguesTests.swift in Sources */,
			);
			runOnlyForDeploymentPostprocessing = 0;
		};
		EAB6E43D1CCBA0F0004C65F6 /* Sources */ = {
			isa = PBXSourcesBuildPhase;
			buildActionMask = 2147483647;
			files = (
				EAB6E4461CCBA0F0004C65F6 /* funWithSeguesUITests.swift in Sources */,
			);
			runOnlyForDeploymentPostprocessing = 0;
		};
/* End PBXSourcesBuildPhase section */

/* Begin PBXTargetDependency section */
		EAB6E4381CCBA0F0004C65F6 /* PBXTargetDependency */ = {
			isa = PBXTargetDependency;
			target = EAB6E4211CCBA0F0004C65F6 /* funWithSegues */;
			targetProxy = EAB6E4371CCBA0F0004C65F6 /* PBXContainerItemProxy */;
		};
		EAB6E4431CCBA0F0004C65F6 /* PBXTargetDependency */ = {
			isa = PBXTargetDependency;
			target = EAB6E4211CCBA0F0004C65F6 /* funWithSegues */;
			targetProxy = EAB6E4421CCBA0F0004C65F6 /* PBXContainerItemProxy */;
		};
/* End PBXTargetDependency section */

/* Begin PBXVariantGroup section */
		EAB6E4291CCBA0F0004C65F6 /* Main.storyboard */ = {
			isa = PBXVariantGroup;
			children = (
				EAB6E42A1CCBA0F0004C65F6 /* Base */,
			);
			name = Main.storyboard;
			sourceTree = "<group>";
		};
		EAB6E42E1CCBA0F0004C65F6 /* LaunchScreen.storyboard */ = {
			isa = PBXVariantGroup;
			children = (
				EAB6E42F1CCBA0F0004C65F6 /* Base */,
			);
			name = LaunchScreen.storyboard;
			sourceTree = "<group>";
		};
/* End PBXVariantGroup section */

/* Begin XCBuildConfiguration section */
		EAB6E4481CCBA0F0004C65F6 /* Debug */ = {
			isa = XCBuildConfiguration;
			buildSettings = {
				ALWAYS_SEARCH_USER_PATHS = NO;
				CLANG_CXX_LANGUAGE_STANDARD = "gnu++0x";
				CLANG_CXX_LIBRARY = "libc++";
				CLANG_ENABLE_MODULES = YES;
				CLANG_ENABLE_OBJC_ARC = YES;
				CLANG_WARN_BOOL_CONVERSION = YES;
				CLANG_WARN_CONSTANT_CONVERSION = YES;
				CLANG_WARN_DIRECT_OBJC_ISA_USAGE = YES_ERROR;
				CLANG_WARN_EMPTY_BODY = YES;
				CLANG_WARN_ENUM_CONVERSION = YES;
				CLANG_WARN_INT_CONVERSION = YES;
				CLANG_WARN_OBJC_ROOT_CLASS = YES_ERROR;
				CLANG_WARN_UNREACHABLE_CODE = YES;
				CLANG_WARN__DUPLICATE_METHOD_MATCH = YES;
				"CODE_SIGN_IDENTITY[sdk=iphoneos*]" = "iPhone Developer";
				COPY_PHASE_STRIP = NO;
				DEBUG_INFORMATION_FORMAT = dwarf;
				ENABLE_STRICT_OBJC_MSGSEND = YES;
				ENABLE_TESTABILITY = YES;
				GCC_C_LANGUAGE_STANDARD = gnu99;
				GCC_DYNAMIC_NO_PIC = NO;
				GCC_NO_COMMON_BLOCKS = YES;
				GCC_OPTIMIZATION_LEVEL = 0;
				GCC_PREPROCESSOR_DEFINITIONS = (
					"DEBUG=1",
					"$(inherited)",
				);
				GCC_WARN_64_TO_32_BIT_CONVERSION = YES;
				GCC_WARN_ABOUT_RETURN_TYPE = YES_ERROR;
				GCC_WARN_UNDECLARED_SELECTOR = YES;
				GCC_WARN_UNINITIALIZED_AUTOS = YES_AGGRESSIVE;
				GCC_WARN_UNUSED_FUNCTION = YES;
				GCC_WARN_UNUSED_VARIABLE = YES;
				IPHONEOS_DEPLOYMENT_TARGET = 9.2;
				MTL_ENABLE_DEBUG_INFO = YES;
				ONLY_ACTIVE_ARCH = YES;
				SDKROOT = iphoneos;
				SWIFT_OPTIMIZATION_LEVEL = "-Onone";
				TARGETED_DEVICE_FAMILY = "1,2";
			};
			name = Debug;
		};
		EAB6E4491CCBA0F0004C65F6 /* Release */ = {
			isa = XCBuildConfiguration;
			buildSettings = {
				ALWAYS_SEARCH_USER_PATHS = NO;
				CLANG_CXX_LANGUAGE_STANDARD = "gnu++0x";
				CLANG_CXX_LIBRARY = "libc++";
				CLANG_ENABLE_MODULES = YES;
				CLANG_ENABLE_OBJC_ARC = YES;
				CLANG_WARN_BOOL_CONVERSION = YES;
				CLANG_WARN_CONSTANT_CONVERSION = YES;
				CLANG_WARN_DIRECT_OBJC_ISA_USAGE = YES_ERROR;
				CLANG_WARN_EMPTY_BODY = YES;
				CLANG_WARN_ENUM_CONVERSION = YES;
				CLANG_WARN_INT_CONVERSION = YES;
				CLANG_WARN_OBJC_ROOT_CLASS = YES_ERROR;
				CLANG_WARN_UNREACHABLE_CODE = YES;
				CLANG_WARN__DUPLICATE_METHOD_MATCH = YES;
				"CODE_SIGN_IDENTITY[sdk=iphoneos*]" = "iPhone Developer";
				COPY_PHASE_STRIP = NO;
				DEBUG_INFORMATION_FORMAT = "dwarf-with-dsym";
				ENABLE_NS_ASSERTIONS = NO;
				ENABLE_STRICT_OBJC_MSGSEND = YES;
				GCC_C_LANGUAGE_STANDARD = gnu99;
				GCC_NO_COMMON_BLOCKS = YES;
				GCC_WARN_64_TO_32_BIT_CONVERSION = YES;
				GCC_WARN_ABOUT_RETURN_TYPE = YES_ERROR;
				GCC_WARN_UNDECLARED_SELECTOR = YES;
				GCC_WARN_UNINITIALIZED_AUTOS = YES_AGGRESSIVE;
				GCC_WARN_UNUSED_FUNCTION = YES;
				GCC_WARN_UNUSED_VARIABLE = YES;
				IPHONEOS_DEPLOYMENT_TARGET = 9.2;
				MTL_ENABLE_DEBUG_INFO = NO;
				SDKROOT = iphoneos;
				TARGETED_DEVICE_FAMILY = "1,2";
				VALIDATE_PRODUCT = YES;
			};
			name = Release;
		};
		EAB6E44B1CCBA0F0004C65F6 /* Debug */ = {
			isa = XCBuildConfiguration;
			buildSettings = {
				ASSETCATALOG_COMPILER_APPICON_NAME = AppIcon;
				INFOPLIST_FILE = funWithSegues/Info.plist;
				LD_RUNPATH_SEARCH_PATHS = "$(inherited) @executable_path/Frameworks";
				PRODUCT_BUNDLE_IDENTIFIER = com.iamzanatic.funWithSegues;
				PRODUCT_NAME = "$(TARGET_NAME)";
			};
			name = Debug;
		};
		EAB6E44C1CCBA0F0004C65F6 /* Release */ = {
			isa = XCBuildConfiguration;
			buildSettings = {
				ASSETCATALOG_COMPILER_APPICON_NAME = AppIcon;
				INFOPLIST_FILE = funWithSegues/Info.plist;
				LD_RUNPATH_SEARCH_PATHS = "$(inherited) @executable_path/Frameworks";
				PRODUCT_BUNDLE_IDENTIFIER = com.iamzanatic.funWithSegues;
				PRODUCT_NAME = "$(TARGET_NAME)";
			};
			name = Release;
		};
		EAB6E44E1CCBA0F0004C65F6 /* Debug */ = {
			isa = XCBuildConfiguration;
			buildSettings = {
				BUNDLE_LOADER = "$(TEST_HOST)";
				INFOPLIST_FILE = funWithSeguesTests/Info.plist;
				LD_RUNPATH_SEARCH_PATHS = "$(inherited) @executable_path/Frameworks @loader_path/Frameworks";
				PRODUCT_BUNDLE_IDENTIFIER = com.iamzanatic.funWithSeguesTests;
				PRODUCT_NAME = "$(TARGET_NAME)";
				TEST_HOST = "$(BUILT_PRODUCTS_DIR)/funWithSegues.app/funWithSegues";
			};
			name = Debug;
		};
		EAB6E44F1CCBA0F0004C65F6 /* Release */ = {
			isa = XCBuildConfiguration;
			buildSettings = {
				BUNDLE_LOADER = "$(TEST_HOST)";
				INFOPLIST_FILE = funWithSeguesTests/Info.plist;
				LD_RUNPATH_SEARCH_PATHS = "$(inherited) @executable_path/Frameworks @loader_path/Frameworks";
				PRODUCT_BUNDLE_IDENTIFIER = com.iamzanatic.funWithSeguesTests;
				PRODUCT_NAME = "$(TARGET_NAME)";
				TEST_HOST = "$(BUILT_PRODUCTS_DIR)/funWithSegues.app/funWithSegues";
			};
			name = Release;
		};
		EAB6E4511CCBA0F0004C65F6 /* Debug */ = {
			isa = XCBuildConfiguration;
			buildSettings = {
				INFOPLIST_FILE = funWithSeguesUITests/Info.plist;
				LD_RUNPATH_SEARCH_PATHS = "$(inherited) @executable_path/Frameworks @loader_path/Frameworks";
				PRODUCT_BUNDLE_IDENTIFIER = com.iamzanatic.funWithSeguesUITests;
				PRODUCT_NAME = "$(TARGET_NAME)";
				TEST_TARGET_NAME = funWithSegues;
				USES_XCTRUNNER = YES;
			};
			name = Debug;
		};
		EAB6E4521CCBA0F0004C65F6 /* Release */ = {
			isa = XCBuildConfiguration;
			buildSettings = {
				INFOPLIST_FILE = funWithSeguesUITests/Info.plist;
				LD_RUNPATH_SEARCH_PATHS = "$(inherited) @executable_path/Frameworks @loader_path/Frameworks";
				PRODUCT_BUNDLE_IDENTIFIER = com.iamzanatic.funWithSeguesUITests;
				PRODUCT_NAME = "$(TARGET_NAME)";
				TEST_TARGET_NAME = funWithSegues;
				USES_XCTRUNNER = YES;
			};
			name = Release;
		};
/* End XCBuildConfiguration section */

/* Begin XCConfigurationList section */
		EAB6E41D1CCBA0F0004C65F6 /* Build configuration list for PBXProject "funWithSegues" */ = {
			isa = XCConfigurationList;
			buildConfigurations = (
				EAB6E4481CCBA0F0004C65F6 /* Debug */,
				EAB6E4491CCBA0F0004C65F6 /* Release */,
			);
			defaultConfigurationIsVisible = 0;
			defaultConfigurationName = Release;
		};
		EAB6E44A1CCBA0F0004C65F6 /* Build configuration list for PBXNativeTarget "funWithSegues" */ = {
			isa = XCConfigurationList;
			buildConfigurations = (
				EAB6E44B1CCBA0F0004C65F6 /* Debug */,
				EAB6E44C1CCBA0F0004C65F6 /* Release */,
			);
			defaultConfigurationIsVisible = 0;
		};
		EAB6E44D1CCBA0F0004C65F6 /* Build configuration list for PBXNativeTarget "funWithSeguesTests" */ = {
			isa = XCConfigurationList;
			buildConfigurations = (
				EAB6E44E1CCBA0F0004C65F6 /* Debug */,
				EAB6E44F1CCBA0F0004C65F6 /* Release */,
			);
			defaultConfigurationIsVisible = 0;
		};
		EAB6E4501CCBA0F0004C65F6 /* Build configuration list for PBXNativeTarget "funWithSeguesUITests" */ = {
			isa = XCConfigurationList;
			buildConfigurations = (
				EAB6E4511CCBA0F0004C65F6 /* Debug */,
				EAB6E4521CCBA0F0004C65F6 /* Release */,
			);
			defaultConfigurationIsVisible = 0;
		};
/* End XCConfigurationList section */
	};
	rootObject = EAB6E41A1CCBA0F0004C65F6 /* Project object */;
}
